{
  "name": "astro-compiler-test",
  "version": "1.0.0",
  "lockfileVersion": 3,
  "requires": true,
  "packages": {
    "": {
      "name": "astro-compiler-test",
      "version": "1.0.0",
      "license": "ISC",
      "dependencies": {
        "@astrojs/compiler": "^2.5.3"
      }
    },
    "node_modules/@astrojs/compiler": {
      "version": "2.5.3",
      "resolved": "https://registry.npmjs.org/@astrojs/compiler/-/compiler-2.5.3.tgz",
      "integrity": "sha512-jzj01BRv/fmo+9Mr2FhocywGzEYiyiP2GVHje1ziGNU6c97kwhYGsnvwMkHrncAy9T9Vi54cjaMK7UE4ClX4vA=="
    }
  }
}
